
Microsoft Visual Studio Solution File, Format Version 12.00
Project("{F2A71F9B-5D33-465A-A702-920D77279786}") = "Cleaner", "Cleaner\Cleaner.fsproj", "{57869E80-462D-4497-A8C4-6771BF9581FD}"
EndProject
Global
	GlobalSection(SolutionConfigurationPlatforms) = preSolution
		Debug|Any CPU = Debug|Any CPU
		Release|Any CPU = Release|Any CPU
	EndGlobalSection
	GlobalSection(ProjectConfigurationPlatforms) = postSolution
		{57869E80-462D-4497-A8C4-6771BF9581FD}.Debug|Any CPU.ActiveCfg = Debug|Any CPU
		{57869E80-462D-4497-A8C4-6771BF9581FD}.Debug|Any CPU.Build.0 = Debug|Any CPU
		{57869E80-462D-4497-A8C4-6771BF9581FD}.Release|Any CPU.ActiveCfg = Release|Any CPU
		{57869E80-462D-4497-A8C4-6771BF9581FD}.Release|Any CPU.Build.0 = Release|Any CPU
	EndGlobalSection
EndGlobal
